
Microsoft Visual Studio Solution File, Format Version 12.00
# Visual Studio Version 17
VisualStudioVersion = 17.14.36623.8
MinimumVisualStudioVersion = 10.0.40219.1
Project("{FAE04EC0-301F-11D3-BF4B-00C04F79EFBC}") = "Atividade1", "Atividade1\Atividade1.csproj", "{A0BA3A0D-9FBE-4604-B725-ECE037137A7A}"
EndProject
Project("{FAE04EC0-301F-11D3-BF4B-00C04F79EFBC}") = "Atividade2", "Atividade2\Atividade2.csproj", "{CAE09947-4CA2-4EA3-9BCF-E7F7B6912D48}"
EndProject
Project("{FAE04EC0-301F-11D3-BF4B-00C04F79EFBC}") = "Atividade3", "Atividade3\Atividade3.csproj", "{C951CDF6-54F4-492B-94B4-692E57CD8FCB}"
EndProject
Project("{FAE04EC0-301F-11D3-BF4B-00C04F79EFBC}") = "Atividade4", "Atividade4\Atividade4.csproj", "{38FC1A59-9258-4530-9ED4-E7345D7B6A9C}"
EndProject
Project("{FAE04EC0-301F-11D3-BF4B-00C04F79EFBC}") = "Atividade5", "Atividade5\Atividade5.csproj", "{3101B0EE-1309-4299-AEE8-33A4FE66CDF9}"
EndProject
Project("{FAE04EC0-301F-11D3-BF4B-00C04F79EFBC}") = "Atividade6", "Atividade6\Atividade6.csproj", "{0327625C-3247-4B9B-A027-843FD80DBDB4}"
EndProject
Project("{FAE04EC0-301F-11D3-BF4B-00C04F79EFBC}") = "Atividade7", "Atividade7\Atividade7.csproj", "{CE03375D-0061-42C2-8249-95DDF704CB8B}"
EndProject
Project("{FAE04EC0-301F-11D3-BF4B-00C04F79EFBC}") = "Atividade8", "Atividade8\Atividade8.csproj", "{8C3D60B9-99F4-4D04-A9F3-EA86168BB0AD}"
EndProject
Project("{FAE04EC0-301F-11D3-BF4B-00C04F79EFBC}") = "Atividade9", "Atividade9\Atividade9.csproj", "{EBD85C0A-C24D-483C-8253-6DB602F48870}"
EndProject
Project("{FAE04EC0-301F-11D3-BF4B-00C04F79EFBC}") = "Atividade10", "Atividade10\Atividade10.csproj", "{6A1AFA27-C5A4-4AF2-8DD3-D004E9A0606F}"
EndProject
Project("{FAE04EC0-301F-11D3-BF4B-00C04F79EFBC}") = "Atividade11", "Atividade11\Atividade11.csproj", "{C38D4E14-233B-40B7-A3D0-7E3E18BE11E0}"
EndProject
Project("{FAE04EC0-301F-11D3-BF4B-00C04F79EFBC}") = "Atividade12", "Atividade12\Atividade12.csproj", "{2A2B8A42-B048-40A8-B481-837F01583640}"
EndProject
Project("{FAE04EC0-301F-11D3-BF4B-00C04F79EFBC}") = "Atividade13", "Atividade13\Atividade13.csproj", "{37629971-FD1F-4CA5-9794-399422E0A2A5}"
EndProject
Project("{FAE04EC0-301F-11D3-BF4B-00C04F79EFBC}") = "Atividade14", "Atividade14\Atividade14.csproj", "{FFB1A175-EECE-4062-80AD-5181B3769F53}"
EndProject
Project("{FAE04EC0-301F-11D3-BF4B-00C04F79EFBC}") = "Atividade15", "Atividade15\Atividade15.csproj", "{4EDAB350-97A2-4D67-8168-520C55EB6A91}"
EndProject
Global
	GlobalSection(SolutionConfigurationPlatforms) = preSolution
		Debug|Any CPU = Debug|Any CPU
		Release|Any CPU = Release|Any CPU
	EndGlobalSection
	GlobalSection(ProjectConfigurationPlatforms) = postSolution
		{A0BA3A0D-9FBE-4604-B725-ECE037137A7A}.Debug|Any CPU.ActiveCfg = Debug|Any CPU
		{A0BA3A0D-9FBE-4604-B725-ECE037137A7A}.Debug|Any CPU.Build.0 = Debug|Any CPU
		{A0BA3A0D-9FBE-4604-B725-ECE037137A7A}.Release|Any CPU.ActiveCfg = Release|Any CPU
		{A0BA3A0D-9FBE-4604-B725-ECE037137A7A}.Release|Any CPU.Build.0 = Release|Any CPU
		{CAE09947-4CA2-4EA3-9BCF-E7F7B6912D48}.Debug|Any CPU.ActiveCfg = Debug|Any CPU
		{CAE09947-4CA2-4EA3-9BCF-E7F7B6912D48}.Debug|Any CPU.Build.0 = Debug|Any CPU
		{CAE09947-4CA2-4EA3-9BCF-E7F7B6912D48}.Release|Any CPU.ActiveCfg = Release|Any CPU
		{CAE09947-4CA2-4EA3-9BCF-E7F7B6912D48}.Release|Any CPU.Build.0 = Release|Any CPU
		{C951CDF6-54F4-492B-94B4-692E57CD8FCB}.Debug|Any CPU.ActiveCfg = Debug|Any CPU
		{C951CDF6-54F4-492B-94B4-692E57CD8FCB}.Debug|Any CPU.Build.0 = Debug|Any CPU
		{C951CDF6-54F4-492B-94B4-692E57CD8FCB}.Release|Any CPU.ActiveCfg = Release|Any CPU
		{C951CDF6-54F4-492B-94B4-692E57CD8FCB}.Release|Any CPU.Build.0 = Release|Any CPU
		{38FC1A59-9258-4530-9ED4-E7345D7B6A9C}.Debug|Any CPU.ActiveCfg = Debug|Any CPU
		{38FC1A59-9258-4530-9ED4-E7345D7B6A9C}.Debug|Any CPU.Build.0 = Debug|Any CPU
		{38FC1A59-9258-4530-9ED4-E7345D7B6A9C}.Release|Any CPU.ActiveCfg = Release|Any CPU
		{38FC1A59-9258-4530-9ED4-E7345D7B6A9C}.Release|Any CPU.Build.0 = Release|Any CPU
		{3101B0EE-1309-4299-AEE8-33A4FE66CDF9}.Debug|Any CPU.ActiveCfg = Debug|Any CPU
		{3101B0EE-1309-4299-AEE8-33A4FE66CDF9}.Debug|Any CPU.Build.0 = Debug|Any CPU
		{3101B0EE-1309-4299-AEE8-33A4FE66CDF9}.Release|Any CPU.ActiveCfg = Release|Any CPU
		{3101B0EE-1309-4299-AEE8-33A4FE66CDF9}.Release|Any CPU.Build.0 = Release|Any CPU
		{0327625C-3247-4B9B-A027-843FD80DBDB4}.Debug|Any CPU.ActiveCfg = Debug|Any CPU
		{0327625C-3247-4B9B-A027-843FD80DBDB4}.Debug|Any CPU.Build.0 = Debug|Any CPU
		{0327625C-3247-4B9B-A027-843FD80DBDB4}.Release|Any CPU.ActiveCfg = Release|Any CPU
		{0327625C-3247-4B9B-A027-843FD80DBDB4}.Release|Any CPU.Build.0 = Release|Any CPU
		{CE03375D-0061-42C2-8249-95DDF704CB8B}.Debug|Any CPU.ActiveCfg = Debug|Any CPU
		{CE03375D-0061-42C2-8249-95DDF704CB8B}.Debug|Any CPU.Build.0 = Debug|Any CPU
		{CE03375D-0061-42C2-8249-95DDF704CB8B}.Release|Any CPU.ActiveCfg = Release|Any CPU
		{CE03375D-0061-42C2-8249-95DDF704CB8B}.Release|Any CPU.Build.0 = Release|Any CPU
		{8C3D60B9-99F4-4D04-A9F3-EA86168BB0AD}.Debug|Any CPU.ActiveCfg = Debug|Any CPU
		{8C3D60B9-99F4-4D04-A9F3-EA86168BB0AD}.Debug|Any CPU.Build.0 = Debug|Any CPU
		{8C3D60B9-99F4-4D04-A9F3-EA86168BB0AD}.Release|Any CPU.ActiveCfg = Release|Any CPU
		{8C3D60B9-99F4-4D04-A9F3-EA86168BB0AD}.Release|Any CPU.Build.0 = Release|Any CPU
		{EBD85C0A-C24D-483C-8253-6DB602F48870}.Debug|Any CPU.ActiveCfg = Debug|Any CPU
		{EBD85C0A-C24D-483C-8253-6DB602F48870}.Debug|Any CPU.Build.0 = Debug|Any CPU
		{EBD85C0A-C24D-483C-8253-6DB602F48870}.Release|Any CPU.ActiveCfg = Release|Any CPU
		{EBD85C0A-C24D-483C-8253-6DB602F48870}.Release|Any CPU.Build.0 = Release|Any CPU
		{6A1AFA27-C5A4-4AF2-8DD3-D004E9A0606F}.Debug|Any CPU.ActiveCfg = Debug|Any CPU
		{6A1AFA27-C5A4-4AF2-8DD3-D004E9A0606F}.Debug|Any CPU.Build.0 = Debug|Any CPU
		{6A1AFA27-C5A4-4AF2-8DD3-D004E9A0606F}.Release|Any CPU.ActiveCfg = Release|Any CPU
		{6A1AFA27-C5A4-4AF2-8DD3-D004E9A0606F}.Release|Any CPU.Build.0 = Release|Any CPU
		{C38D4E14-233B-40B7-A3D0-7E3E18BE11E0}.Debug|Any CPU.ActiveCfg = Debug|Any CPU
		{C38D4E14-233B-40B7-A3D0-7E3E18BE11E0}.Debug|Any CPU.Build.0 = Debug|Any CPU
		{C38D4E14-233B-40B7-A3D0-7E3E18BE11E0}.Release|Any CPU.ActiveCfg = Release|Any CPU
		{C38D4E14-233B-40B7-A3D0-7E3E18BE11E0}.Release|Any CPU.Build.0 = Release|Any CPU
		{2A2B8A42-B048-40A8-B481-837F01583640}.Debug|Any CPU.ActiveCfg = Debug|Any CPU
		{2A2B8A42-B048-40A8-B481-837F01583640}.Debug|Any CPU.Build.0 = Debug|Any CPU
		{2A2B8A42-B048-40A8-B481-837F01583640}.Release|Any CPU.ActiveCfg = Release|Any CPU
		{2A2B8A42-B048-40A8-B481-837F01583640}.Release|Any CPU.Build.0 = Release|Any CPU
		{37629971-FD1F-4CA5-9794-399422E0A2A5}.Debug|Any CPU.ActiveCfg = Debug|Any CPU
		{37629971-FD1F-4CA5-9794-399422E0A2A5}.Debug|Any CPU.Build.0 = Debug|Any CPU
		{37629971-FD1F-4CA5-9794-399422E0A2A5}.Release|Any CPU.ActiveCfg = Release|Any CPU
		{37629971-FD1F-4CA5-9794-399422E0A2A5}.Release|Any CPU.Build.0 = Release|Any CPU
		{FFB1A175-EECE-4062-80AD-5181B3769F53}.Debug|Any CPU.ActiveCfg = Debug|Any CPU
		{FFB1A175-EECE-4062-80AD-5181B3769F53}.Debug|Any CPU.Build.0 = Debug|Any CPU
		{FFB1A175-EECE-4062-80AD-5181B3769F53}.Release|Any CPU.ActiveCfg = Release|Any CPU
		{FFB1A175-EECE-4062-80AD-5181B3769F53}.Release|Any CPU.Build.0 = Release|Any CPU
		{4EDAB350-97A2-4D67-8168-520C55EB6A91}.Debug|Any CPU.ActiveCfg = Debug|Any CPU
		{4EDAB350-97A2-4D67-8168-520C55EB6A91}.Debug|Any CPU.Build.0 = Debug|Any CPU
		{4EDAB350-97A2-4D67-8168-520C55EB6A91}.Release|Any CPU.ActiveCfg = Release|Any CPU
		{4EDAB350-97A2-4D67-8168-520C55EB6A91}.Release|Any CPU.Build.0 = Release|Any CPU
	EndGlobalSection
	GlobalSection(SolutionProperties) = preSolution
		HideSolutionNode = FALSE
	EndGlobalSection
	GlobalSection(ExtensibilityGlobals) = postSolution
		SolutionGuid = {E8C330D6-C852-4F6E-AB48-CB4F51D9DB79}
	EndGlobalSection
EndGlobal
