
Microsoft Visual Studio Solution File, Format Version 12.00
# Visual Studio Version 17
VisualStudioVersion = 17.14.36623.8
MinimumVisualStudioVersion = 10.0.40219.1
Project("{FAE04EC0-301F-11D3-BF4B-00C04F79EFBC}") = "Atividade1", "Atividade1\Atividade1.csproj", "{A0BA3A0D-9FBE-4604-B725-ECE037137A7A}"
EndProject
Project("{FAE04EC0-301F-11D3-BF4B-00C04F79EFBC}") = "Atividade2", "Atividade2\Atividade2.csproj", "{CAE09947-4CA2-4EA3-9BCF-E7F7B6912D48}"
EndProject
Project("{FAE04EC0-301F-11D3-BF4B-00C04F79EFBC}") = "Atividade3", "Atividade3\Atividade3.csproj", "{C951CDF6-54F4-492B-94B4-692E57CD8FCB}"
EndProject
Global
	GlobalSection(SolutionConfigurationPlatforms) = preSolution
		Debug|Any CPU = Debug|Any CPU
		Release|Any CPU = Release|Any CPU
	EndGlobalSection
	GlobalSection(ProjectConfigurationPlatforms) = postSolution
		{A0BA3A0D-9FBE-4604-B725-ECE037137A7A}.Debug|Any CPU.ActiveCfg = Debug|Any CPU
		{A0BA3A0D-9FBE-4604-B725-ECE037137A7A}.Debug|Any CPU.Build.0 = Debug|Any CPU
		{A0BA3A0D-9FBE-4604-B725-ECE037137A7A}.Release|Any CPU.ActiveCfg = Release|Any CPU
		{A0BA3A0D-9FBE-4604-B725-ECE037137A7A}.Release|Any CPU.Build.0 = Release|Any CPU
		{CAE09947-4CA2-4EA3-9BCF-E7F7B6912D48}.Debug|Any CPU.ActiveCfg = Debug|Any CPU
		{CAE09947-4CA2-4EA3-9BCF-E7F7B6912D48}.Debug|Any CPU.Build.0 = Debug|Any CPU
		{CAE09947-4CA2-4EA3-9BCF-E7F7B6912D48}.Release|Any CPU.ActiveCfg = Release|Any CPU
		{CAE09947-4CA2-4EA3-9BCF-E7F7B6912D48}.Release|Any CPU.Build.0 = Release|Any CPU
		{C951CDF6-54F4-492B-94B4-692E57CD8FCB}.Debug|Any CPU.ActiveCfg = Debug|Any CPU
		{C951CDF6-54F4-492B-94B4-692E57CD8FCB}.Debug|Any CPU.Build.0 = Debug|Any CPU
		{C951CDF6-54F4-492B-94B4-692E57CD8FCB}.Release|Any CPU.ActiveCfg = Release|Any CPU
		{C951CDF6-54F4-492B-94B4-692E57CD8FCB}.Release|Any CPU.Build.0 = Release|Any CPU
	EndGlobalSection
	GlobalSection(SolutionProperties) = preSolution
		HideSolutionNode = FALSE
	EndGlobalSection
	GlobalSection(ExtensibilityGlobals) = postSolution
		SolutionGuid = {E8C330D6-C852-4F6E-AB48-CB4F51D9DB79}
	EndGlobalSection
EndGlobal
